{
  "name": "oldschool-theme-win95-edition",
  "version": "1.0.0",
  "lockfileVersion": 3,
  "requires": true,
  "packages": {
    "": {
      "name": "oldschool-theme-win95-edition",
      "version": "1.0.0",
      "license": "GNU",
      "engines": {
        "vscode": "^1.52.0"
      }
    }
  }
}
